
Microsoft Visual Studio Solution File, Format Version 12.00
# Visual Studio Version 17
VisualStudioVersion = 17.5.002.0
MinimumVisualStudioVersion = 10.0.40219.1
Project("{9A19103F-16F7-4668-BE54-9A1E7A4F7556}") = "AMS24", "AMS24.csproj", "{B11DBF47-D81D-48E0-BE25-7EEDE090AA9B}"
EndProject
Global
	GlobalSection(SolutionConfigurationPlatforms) = preSolution
		Debug|Any CPU = Debug|Any CPU
		Release|Any CPU = Release|Any CPU
	EndGlobalSection
	GlobalSection(ProjectConfigurationPlatforms) = postSolution
		{B11DBF47-D81D-48E0-BE25-7EEDE090AA9B}.Debug|Any CPU.ActiveCfg = Debug|Any CPU
		{B11DBF47-D81D-48E0-BE25-7EEDE090AA9B}.Debug|Any CPU.Build.0 = Debug|Any CPU
		{B11DBF47-D81D-48E0-BE25-7EEDE090AA9B}.Release|Any CPU.ActiveCfg = Release|Any CPU
		{B11DBF47-D81D-48E0-BE25-7EEDE090AA9B}.Release|Any CPU.Build.0 = Release|Any CPU
	EndGlobalSection
	GlobalSection(SolutionProperties) = preSolution
		HideSolutionNode = FALSE
	EndGlobalSection
	GlobalSection(ExtensibilityGlobals) = postSolution
		SolutionGuid = {81D20226-DCB4-4505-8F7B-A8C308AC758D}
	EndGlobalSection
EndGlobal
